
Microsoft Visual Studio Solution File, Format Version 12.00
# Visual Studio 14
VisualStudioVersion = 14.0.25123.0
MinimumVisualStudioVersion = 10.0.40219.1
Project("{2150E333-8FDC-42A3-9474-1A3956D46DE8}") = "ReferenceDll", "ReferenceDll", "{4D69BB81-CE69-4504-B705-6651996D0D08}"
	ProjectSection(SolutionItems) = preProject
		ReferenceDll\Aliyun.OSS.dll = ReferenceDll\Aliyun.OSS.dll
		ReferenceDll\antlr.runtime.dll = ReferenceDll\antlr.runtime.dll
		ReferenceDll\ComixSDK.EDI.Utils.dll = ReferenceDll\ComixSDK.EDI.Utils.dll
		ReferenceDll\Enyim.Caching.dll = ReferenceDll\Enyim.Caching.dll
		ReferenceDll\fastJSON.dll = ReferenceDll\fastJSON.dll
		ReferenceDll\ftplib.dll = ReferenceDll\ftplib.dll
		ReferenceDll\Gma.QrCodeNet.Encoding.dll = ReferenceDll\Gma.QrCodeNet.Encoding.dll
		ReferenceDll\ICSharpCode.SharpZipLib.dll = ReferenceDll\ICSharpCode.SharpZipLib.dll
		ReferenceDll\infosecapi.dll = ReferenceDll\infosecapi.dll
		ReferenceDll\Interop.EMPPLib.dll = ReferenceDll\Interop.EMPPLib.dll
		ReferenceDll\Json.dll = ReferenceDll\Json.dll
		ReferenceDll\LitJson.dll = ReferenceDll\LitJson.dll
		ReferenceDll\Newtonsoft.Json.dll = ReferenceDll\Newtonsoft.Json.dll
		ReferenceDll\Newtonsoft.Json.Net20.dll = ReferenceDll\Newtonsoft.Json.Net20.dll
		ReferenceDll\NPOI.dll = ReferenceDll\NPOI.dll
		ReferenceDll\NPOI.OOXML.dll = ReferenceDll\NPOI.OOXML.dll
		ReferenceDll\NPOI.OpenXml4Net.dll = ReferenceDll\NPOI.OpenXml4Net.dll
		ReferenceDll\NPOI.OpenXmlFormats.dll = ReferenceDll\NPOI.OpenXmlFormats.dll
		ReferenceDll\Rebex.Net.Ftp.dll = ReferenceDll\Rebex.Net.Ftp.dll
		ReferenceDll\Rebex.Net.ProxySocket.dll = ReferenceDll\Rebex.Net.ProxySocket.dll
		ReferenceDll\Rebex.Net.SecureSocket.dll = ReferenceDll\Rebex.Net.SecureSocket.dll
		ReferenceDll\Rebex.Security.dll = ReferenceDll\Rebex.Security.dll
		ReferenceDll\SmartThreadPool.dll = ReferenceDll\SmartThreadPool.dll
		ReferenceDll\StringTemplate.dll = ReferenceDll\StringTemplate.dll
		ReferenceDll\System.Web.Mvc.dll = ReferenceDll\System.Web.Mvc.dll
		ReferenceDll\Winista.HtmlParser.dll = ReferenceDll\Winista.HtmlParser.dll
	EndProjectSection
EndProject
Project("{2150E333-8FDC-42A3-9474-1A3956D46DE8}") = "WebNPOI", "WebNPOI", "{E60E5BB3-7A4D-4193-A03D-A48C2037D2E1}"
	ProjectSection(SolutionItems) = preProject
		ReferenceDll\WebNPOI\NPOI.dll = ReferenceDll\WebNPOI\NPOI.dll
	EndProjectSection
EndProject
Project("{FAE04EC0-301F-11D3-BF4B-00C04F79EFBC}") = "EntityCore", "SQLDataAccess\EntityCore\EntityCore.csproj", "{5D08968E-9B69-4CEA-B77A-38660127C9EB}"
EndProject
Project("{FAE04EC0-301F-11D3-BF4B-00C04F79EFBC}") = "DataAccess", "SQLDataAccess\DataAccess\DataAccess.csproj", "{4429187F-AD20-4C25-A7EE-C5223E3BA01F}"
EndProject
Project("{FAE04EC0-301F-11D3-BF4B-00C04F79EFBC}") = "eContract.BusinessService", "eContract.BusinessService\eContract.BusinessService.csproj", "{0FFA2C82-2F27-46A1-AA70-EA22A683DE2F}"
EndProject
Project("{FAE04EC0-301F-11D3-BF4B-00C04F79EFBC}") = "eContract.Common", "eContract.Common\eContract.Common.csproj", "{B5AD9C25-5F2E-4C93-91BA-C6F161E6A192}"
EndProject
Project("{FAE04EC0-301F-11D3-BF4B-00C04F79EFBC}") = "eContract.Web", "eContract.Web\eContract.Web.csproj", "{43CEE254-D157-42E7-9820-FE1EBE8E6117}"
EndProject
Project("{FAE04EC0-301F-11D3-BF4B-00C04F79EFBC}") = "eContract.Log", "eContract.Log\eContract.Log.csproj", "{D6B3644D-CA95-4758-8E2E-A01CC767B24E}"
EndProject
Project("{2150E333-8FDC-42A3-9474-1A3956D46DE8}") = "ReportDLL", "ReportDLL", "{D4E33E6B-5C72-42B6-B646-93112553F53D}"
	ProjectSection(SolutionItems) = preProject
		ReferenceDll\ReportDLL\Stimulsoft.Base.dll = ReferenceDll\ReportDLL\Stimulsoft.Base.dll
		ReferenceDll\ReportDLL\Stimulsoft.Controls.dll = ReferenceDll\ReportDLL\Stimulsoft.Controls.dll
		ReferenceDll\ReportDLL\Stimulsoft.Controls.Win.dll = ReferenceDll\ReportDLL\Stimulsoft.Controls.Win.dll
		ReferenceDll\ReportDLL\Stimulsoft.Database.dll = ReferenceDll\ReportDLL\Stimulsoft.Database.dll
		ReferenceDll\ReportDLL\Stimulsoft.Editor.dll = ReferenceDll\ReportDLL\Stimulsoft.Editor.dll
		ReferenceDll\ReportDLL\Stimulsoft.Report.Check.dll = ReferenceDll\ReportDLL\Stimulsoft.Report.Check.dll
		ReferenceDll\ReportDLL\Stimulsoft.Report.Design.dll = ReferenceDll\ReportDLL\Stimulsoft.Report.Design.dll
		ReferenceDll\ReportDLL\Stimulsoft.Report.Design.WebViewer.dll = ReferenceDll\ReportDLL\Stimulsoft.Report.Design.WebViewer.dll
		ReferenceDll\ReportDLL\Stimulsoft.Report.dll = ReferenceDll\ReportDLL\Stimulsoft.Report.dll
		ReferenceDll\ReportDLL\Stimulsoft.Report.Helper.dll = ReferenceDll\ReportDLL\Stimulsoft.Report.Helper.dll
		ReferenceDll\ReportDLL\Stimulsoft.Report.Web.dll = ReferenceDll\ReportDLL\Stimulsoft.Report.Web.dll
		ReferenceDll\ReportDLL\Stimulsoft.Report.WebDesign.dll = ReferenceDll\ReportDLL\Stimulsoft.Report.WebDesign.dll
		ReferenceDll\ReportDLL\Stimulsoft.Report.WebFx.dll = ReferenceDll\ReportDLL\Stimulsoft.Report.WebFx.dll
		ReferenceDll\ReportDLL\Stimulsoft.Report.Win.dll = ReferenceDll\ReportDLL\Stimulsoft.Report.Win.dll
	EndProjectSection
EndProject
Global
	GlobalSection(SolutionConfigurationPlatforms) = preSolution
		Debug|Any CPU = Debug|Any CPU
		Debug|x86 = Debug|x86
		Release|Any CPU = Release|Any CPU
		Release|x86 = Release|x86
	EndGlobalSection
	GlobalSection(ProjectConfigurationPlatforms) = postSolution
		{5D08968E-9B69-4CEA-B77A-38660127C9EB}.Debug|Any CPU.ActiveCfg = Debug|Any CPU
		{5D08968E-9B69-4CEA-B77A-38660127C9EB}.Debug|Any CPU.Build.0 = Debug|Any CPU
		{5D08968E-9B69-4CEA-B77A-38660127C9EB}.Debug|x86.ActiveCfg = Debug|Any CPU
		{5D08968E-9B69-4CEA-B77A-38660127C9EB}.Debug|x86.Build.0 = Debug|Any CPU
		{5D08968E-9B69-4CEA-B77A-38660127C9EB}.Release|Any CPU.ActiveCfg = Release|Any CPU
		{5D08968E-9B69-4CEA-B77A-38660127C9EB}.Release|Any CPU.Build.0 = Release|Any CPU
		{5D08968E-9B69-4CEA-B77A-38660127C9EB}.Release|x86.ActiveCfg = Release|Any CPU
		{5D08968E-9B69-4CEA-B77A-38660127C9EB}.Release|x86.Build.0 = Release|Any CPU
		{4429187F-AD20-4C25-A7EE-C5223E3BA01F}.Debug|Any CPU.ActiveCfg = Debug|Any CPU
		{4429187F-AD20-4C25-A7EE-C5223E3BA01F}.Debug|Any CPU.Build.0 = Debug|Any CPU
		{4429187F-AD20-4C25-A7EE-C5223E3BA01F}.Debug|x86.ActiveCfg = Debug|Any CPU
		{4429187F-AD20-4C25-A7EE-C5223E3BA01F}.Debug|x86.Build.0 = Debug|Any CPU
		{4429187F-AD20-4C25-A7EE-C5223E3BA01F}.Release|Any CPU.ActiveCfg = Release|Any CPU
		{4429187F-AD20-4C25-A7EE-C5223E3BA01F}.Release|Any CPU.Build.0 = Release|Any CPU
		{4429187F-AD20-4C25-A7EE-C5223E3BA01F}.Release|x86.ActiveCfg = Release|Any CPU
		{4429187F-AD20-4C25-A7EE-C5223E3BA01F}.Release|x86.Build.0 = Release|Any CPU
		{0FFA2C82-2F27-46A1-AA70-EA22A683DE2F}.Debug|Any CPU.ActiveCfg = Debug|Any CPU
		{0FFA2C82-2F27-46A1-AA70-EA22A683DE2F}.Debug|Any CPU.Build.0 = Debug|Any CPU
		{0FFA2C82-2F27-46A1-AA70-EA22A683DE2F}.Debug|x86.ActiveCfg = Debug|Any CPU
		{0FFA2C82-2F27-46A1-AA70-EA22A683DE2F}.Debug|x86.Build.0 = Debug|Any CPU
		{0FFA2C82-2F27-46A1-AA70-EA22A683DE2F}.Release|Any CPU.ActiveCfg = Release|Any CPU
		{0FFA2C82-2F27-46A1-AA70-EA22A683DE2F}.Release|Any CPU.Build.0 = Release|Any CPU
		{0FFA2C82-2F27-46A1-AA70-EA22A683DE2F}.Release|x86.ActiveCfg = Release|Any CPU
		{0FFA2C82-2F27-46A1-AA70-EA22A683DE2F}.Release|x86.Build.0 = Release|Any CPU
		{B5AD9C25-5F2E-4C93-91BA-C6F161E6A192}.Debug|Any CPU.ActiveCfg = Debug|Any CPU
		{B5AD9C25-5F2E-4C93-91BA-C6F161E6A192}.Debug|Any CPU.Build.0 = Debug|Any CPU
		{B5AD9C25-5F2E-4C93-91BA-C6F161E6A192}.Debug|x86.ActiveCfg = Debug|Any CPU
		{B5AD9C25-5F2E-4C93-91BA-C6F161E6A192}.Debug|x86.Build.0 = Debug|Any CPU
		{B5AD9C25-5F2E-4C93-91BA-C6F161E6A192}.Release|Any CPU.ActiveCfg = Release|Any CPU
		{B5AD9C25-5F2E-4C93-91BA-C6F161E6A192}.Release|Any CPU.Build.0 = Release|Any CPU
		{B5AD9C25-5F2E-4C93-91BA-C6F161E6A192}.Release|x86.ActiveCfg = Release|Any CPU
		{B5AD9C25-5F2E-4C93-91BA-C6F161E6A192}.Release|x86.Build.0 = Release|Any CPU
		{43CEE254-D157-42E7-9820-FE1EBE8E6117}.Debug|Any CPU.ActiveCfg = Debug|Any CPU
		{43CEE254-D157-42E7-9820-FE1EBE8E6117}.Debug|Any CPU.Build.0 = Debug|Any CPU
		{43CEE254-D157-42E7-9820-FE1EBE8E6117}.Debug|x86.ActiveCfg = Debug|Any CPU
		{43CEE254-D157-42E7-9820-FE1EBE8E6117}.Debug|x86.Build.0 = Debug|Any CPU
		{43CEE254-D157-42E7-9820-FE1EBE8E6117}.Release|Any CPU.ActiveCfg = Release|Any CPU
		{43CEE254-D157-42E7-9820-FE1EBE8E6117}.Release|Any CPU.Build.0 = Release|Any CPU
		{43CEE254-D157-42E7-9820-FE1EBE8E6117}.Release|x86.ActiveCfg = Release|Any CPU
		{43CEE254-D157-42E7-9820-FE1EBE8E6117}.Release|x86.Build.0 = Release|Any CPU
		{D6B3644D-CA95-4758-8E2E-A01CC767B24E}.Debug|Any CPU.ActiveCfg = Debug|Any CPU
		{D6B3644D-CA95-4758-8E2E-A01CC767B24E}.Debug|Any CPU.Build.0 = Debug|Any CPU
		{D6B3644D-CA95-4758-8E2E-A01CC767B24E}.Debug|x86.ActiveCfg = Debug|x86
		{D6B3644D-CA95-4758-8E2E-A01CC767B24E}.Debug|x86.Build.0 = Debug|x86
		{D6B3644D-CA95-4758-8E2E-A01CC767B24E}.Release|Any CPU.ActiveCfg = Release|Any CPU
		{D6B3644D-CA95-4758-8E2E-A01CC767B24E}.Release|Any CPU.Build.0 = Release|Any CPU
		{D6B3644D-CA95-4758-8E2E-A01CC767B24E}.Release|x86.ActiveCfg = Release|x86
		{D6B3644D-CA95-4758-8E2E-A01CC767B24E}.Release|x86.Build.0 = Release|x86
	EndGlobalSection
	GlobalSection(SolutionProperties) = preSolution
		HideSolutionNode = FALSE
	EndGlobalSection
	GlobalSection(NestedProjects) = preSolution
		{E60E5BB3-7A4D-4193-A03D-A48C2037D2E1} = {4D69BB81-CE69-4504-B705-6651996D0D08}
		{D4E33E6B-5C72-42B6-B646-93112553F53D} = {4D69BB81-CE69-4504-B705-6651996D0D08}
	EndGlobalSection
	GlobalSection(ExtensibilityGlobals) = postSolution
		VisualSVNWorkingCopyRoot = .
	EndGlobalSection
	GlobalSection(SubversionScc) = preSolution
		Svn-Managed = True
		Manager = AnkhSVN - Subversion Support for Visual Studio
	EndGlobalSection
EndGlobal
